// !$*UTF8*$!
{
	archiveVersion = 1;
	classes = {
	};
	objectVersion = 50;
	objects = {

/* Begin PBXBuildFile section */
		8C6ADDB5253037DE002232A1 /* wiredApp.swift in Sources */ = {isa = PBXBuildFile; fileRef = 8C6ADDB4253037DE002232A1 /* wiredApp.swift */; };
		8C6ADDB7253037DE002232A1 /* ContentView.swift in Sources */ = {isa = PBXBuildFile; fileRef = 8C6ADDB6253037DE002232A1 /* ContentView.swift */; };
		8C6ADDB9253037DF002232A1 /* Assets.xcassets in Resources */ = {isa = PBXBuildFile; fileRef = 8C6ADDB8253037DF002232A1 /* Assets.xcassets */; };
		8C6ADDBC253037DF002232A1 /* Preview Assets.xcassets in Resources */ = {isa = PBXBuildFile; fileRef = 8C6ADDBB253037DF002232A1 /* Preview Assets.xcassets */; };
		8C6ADDC7253037DF002232A1 /* wiredTests.swift in Sources */ = {isa = PBXBuildFile; fileRef = 8C6ADDC6253037DF002232A1 /* wiredTests.swift */; };
		8C6ADDD2253037DF002232A1 /* wiredUITests.swift in Sources */ = {isa = PBXBuildFile; fileRef = 8C6ADDD1253037DF002232A1 /* wiredUITests.swift */; };
/* End PBXBuildFile section */

/* Begin PBXContainerItemProxy section */
		8C6ADDC3253037DF002232A1 /* PBXContainerItemProxy */ = {
			isa = PBXContainerItemProxy;
			containerPortal = 8C6ADDA9253037DE002232A1 /* Project object */;
			proxyType = 1;
			remoteGlobalIDString = 8C6ADDB0253037DE002232A1;
			remoteInfo = wired;
		};
		8C6ADDCE253037DF002232A1 /* PBXContainerItemProxy */ = {
			isa = PBXContainerItemProxy;
			containerPortal = 8C6ADDA9253037DE002232A1 /* Project object */;
			proxyType = 1;
			remoteGlobalIDString = 8C6ADDB0253037DE002232A1;
			remoteInfo = wired;
		};
/* End PBXContainerItemProxy section */

/* Begin PBXFileReference section */
		8C6ADDB1253037DE002232A1 /* wired.app */ = {isa = PBXFileReference; explicitFileType = wrapper.application; includeInIndex = 0; path = wired.app; sourceTree = BUILT_PRODUCTS_DIR; };
		8C6ADDB4253037DE002232A1 /* wiredApp.swift */ = {isa = PBXFileReference; lastKnownFileType = sourcecode.swift; path = wiredApp.swift; sourceTree = "<group>"; };
		8C6ADDB6253037DE002232A1 /* ContentView.swift */ = {isa = PBXFileReference; lastKnownFileType = sourcecode.swift; path = ContentView.swift; sourceTree = "<group>"; };
		8C6ADDB8253037DF002232A1 /* Assets.xcassets */ = {isa = PBXFileReference; lastKnownFileType = folder.assetcatalog; path = Assets.xcassets; sourceTree = "<group>"; };
		8C6ADDBB253037DF002232A1 /* Preview Assets.xcassets */ = {isa = PBXFileReference; lastKnownFileType = folder.assetcatalog; path = "Preview Assets.xcassets"; sourceTree = "<group>"; };
		8C6ADDBD253037DF002232A1 /* Info.plist */ = {isa = PBXFileReference; lastKnownFileType = text.plist.xml; path = Info.plist; sourceTree = "<group>"; };
		8C6ADDC2253037DF002232A1 /* wiredTests.xctest */ = {isa = PBXFileReference; explicitFileType = wrapper.cfbundle; includeInIndex = 0; path = wiredTests.xctest; sourceTree = BUILT_PRODUCTS_DIR; };
		8C6ADDC6253037DF002232A1 /* wiredTests.swift */ = {isa = PBXFileReference; lastKnownFileType = sourcecode.swift; path = wiredTests.swift; sourceTree = "<group>"; };
		8C6ADDC8253037DF002232A1 /* Info.plist */ = {isa = PBXFileReference; lastKnownFileType = text.plist.xml; path = Info.plist; sourceTree = "<group>"; };
		8C6ADDCD253037DF002232A1 /* wiredUITests.xctest */ = {isa = PBXFileReference; explicitFileType = wrapper.cfbundle; includeInIndex = 0; path = wiredUITests.xctest; sourceTree = BUILT_PRODUCTS_DIR; };
		8C6ADDD1253037DF002232A1 /* wiredUITests.swift */ = {isa = PBXFileReference; lastKnownFileType = sourcecode.swift; path = wiredUITests.swift; sourceTree = "<group>"; };
		8C6ADDD3253037DF002232A1 /* Info.plist */ = {isa = PBXFileReference; lastKnownFileType = text.plist.xml; path = Info.plist; sourceTree = "<group>"; };
/* End PBXFileReference section */

/* Begin PBXFrameworksBuildPhase section */
		8C6ADDAE253037DE002232A1 /* Frameworks */ = {
			isa = PBXFrameworksBuildPhase;
			buildActionMask = 2147483647;
			files = (
			);
			runOnlyForDeploymentPostprocessing = 0;
		};
		8C6ADDBF253037DF002232A1 /* Frameworks */ = {
			isa = PBXFrameworksBuildPhase;
			buildActionMask = 2147483647;
			files = (
			);
			runOnlyForDeploymentPostprocessing = 0;
		};
		8C6ADDCA253037DF002232A1 /* Frameworks */ = {
			isa = PBXFrameworksBuildPhase;
			buildActionMask = 2147483647;
			files = (
			);
			runOnlyForDeploymentPostprocessing = 0;
		};
/* End PBXFrameworksBuildPhase section */

/* Begin PBXGroup section */
		8C6ADDA8253037DE002232A1 = {
			isa = PBXGroup;
			children = (
				8C6ADDB3253037DE002232A1 /* wired */,
				8C6ADDC5253037DF002232A1 /* wiredTests */,
				8C6ADDD0253037DF002232A1 /* wiredUITests */,
				8C6ADDB2253037DE002232A1 /* Products */,
			);
			sourceTree = "<group>";
		};
		8C6ADDB2253037DE002232A1 /* Products */ = {
			isa = PBXGroup;
			children = (
				8C6ADDB1253037DE002232A1 /* wired.app */,
				8C6ADDC2253037DF002232A1 /* wiredTests.xctest */,
				8C6ADDCD253037DF002232A1 /* wiredUITests.xctest */,
			);
			name = Products;
			sourceTree = "<group>";
		};
		8C6ADDB3253037DE002232A1 /* wired */ = {
			isa = PBXGroup;
			children = (
				8C6ADDB4253037DE002232A1 /* wiredApp.swift */,
				8C6ADDB6253037DE002232A1 /* ContentView.swift */,
				8C6ADDB8253037DF002232A1 /* Assets.xcassets */,
				8C6ADDBD253037DF002232A1 /* Info.plist */,
				8C6ADDBA253037DF002232A1 /* Preview Content */,
			);
			path = wired;
			sourceTree = "<group>";
		};
		8C6ADDBA253037DF002232A1 /* Preview Content */ = {
			isa = PBXGroup;
			children = (
				8C6ADDBB253037DF002232A1 /* Preview Assets.xcassets */,
			);
			path = "Preview Content";
			sourceTree = "<group>";
		};
		8C6ADDC5253037DF002232A1 /* wiredTests */ = {
			isa = PBXGroup;
			children = (
				8C6ADDC6253037DF002232A1 /* wiredTests.swift */,
				8C6ADDC8253037DF002232A1 /* Info.plist */,
			);
			path = wiredTests;
			sourceTree = "<group>";
		};
		8C6ADDD0253037DF002232A1 /* wiredUITests */ = {
			isa = PBXGroup;
			children = (
				8C6ADDD1253037DF002232A1 /* wiredUITests.swift */,
				8C6ADDD3253037DF002232A1 /* Info.plist */,
			);
			path = wiredUITests;
			sourceTree = "<group>";
		};
/* End PBXGroup section */

/* Begin PBXNativeTarget section */
		8C6ADDB0253037DE002232A1 /* wired */ = {
			isa = PBXNativeTarget;
			buildConfigurationList = 8C6ADDD6253037DF002232A1 /* Build configuration list for PBXNativeTarget "wired" */;
			buildPhases = (
				8C6ADDAD253037DE002232A1 /* Sources */,
				8C6ADDAE253037DE002232A1 /* Frameworks */,
				8C6ADDAF253037DE002232A1 /* Resources */,
			);
			buildRules = (
			);
			dependencies = (
			);
			name = wired;
			productName = wired;
			productReference = 8C6ADDB1253037DE002232A1 /* wired.app */;
			productType = "com.apple.product-type.application";
		};
		8C6ADDC1253037DF002232A1 /* wiredTests */ = {
			isa = PBXNativeTarget;
			buildConfigurationList = 8C6ADDD9253037DF002232A1 /* Build configuration list for PBXNativeTarget "wiredTests" */;
			buildPhases = (
				8C6ADDBE253037DF002232A1 /* Sources */,
				8C6ADDBF253037DF002232A1 /* Frameworks */,
				8C6ADDC0253037DF002232A1 /* Resources */,
			);
			buildRules = (
			);
			dependencies = (
				8C6ADDC4253037DF002232A1 /* PBXTargetDependency */,
			);
			name = wiredTests;
			productName = wiredTests;
			productReference = 8C6ADDC2253037DF002232A1 /* wiredTests.xctest */;
			productType = "com.apple.product-type.bundle.unit-test";
		};
		8C6ADDCC253037DF002232A1 /* wiredUITests */ = {
			isa = PBXNativeTarget;
			buildConfigurationList = 8C6ADDDC253037DF002232A1 /* Build configuration list for PBXNativeTarget "wiredUITests" */;
			buildPhases = (
				8C6ADDC9253037DF002232A1 /* Sources */,
				8C6ADDCA253037DF002232A1 /* Frameworks */,
				8C6ADDCB253037DF002232A1 /* Resources */,
			);
			buildRules = (
			);
			dependencies = (
				8C6ADDCF253037DF002232A1 /* PBXTargetDependency */,
			);
			name = wiredUITests;
			productName = wiredUITests;
			productReference = 8C6ADDCD253037DF002232A1 /* wiredUITests.xctest */;
			productType = "com.apple.product-type.bundle.ui-testing";
		};
/* End PBXNativeTarget section */

/* Begin PBXProject section */
		8C6ADDA9253037DE002232A1 /* Project object */ = {
			isa = PBXProject;
			attributes = {
				LastSwiftUpdateCheck = 1200;
				LastUpgradeCheck = 1200;
				TargetAttributes = {
					8C6ADDB0253037DE002232A1 = {
						CreatedOnToolsVersion = 12.0.1;
					};
					8C6ADDC1253037DF002232A1 = {
						CreatedOnToolsVersion = 12.0.1;
						TestTargetID = 8C6ADDB0253037DE002232A1;
					};
					8C6ADDCC253037DF002232A1 = {
						CreatedOnToolsVersion = 12.0.1;
						TestTargetID = 8C6ADDB0253037DE002232A1;
					};
				};
			};
			buildConfigurationList = 8C6ADDAC253037DE002232A1 /* Build configuration list for PBXProject "wired" */;
			compatibilityVersion = "Xcode 9.3";
			developmentRegion = en;
			hasScannedForEncodings = 0;
			knownRegions = (
				en,
				Base,
			);
			mainGroup = 8C6ADDA8253037DE002232A1;
			productRefGroup = 8C6ADDB2253037DE002232A1 /* Products */;
			projectDirPath = "";
			projectRoot = "";
			targets = (
				8C6ADDB0253037DE002232A1 /* wired */,
				8C6ADDC1253037DF002232A1 /* wiredTests */,
				8C6ADDCC253037DF002232A1 /* wiredUITests */,
			);
		};
/* End PBXProject section */

/* Begin PBXResourcesBuildPhase section */
		8C6ADDAF253037DE002232A1 /* Resources */ = {
			isa = PBXResourcesBuildPhase;
			buildActionMask = 2147483647;
			files = (
				8C6ADDBC253037DF002232A1 /* Preview Assets.xcassets in Resources */,
				8C6ADDB9253037DF002232A1 /* Assets.xcassets in Resources */,
			);
			runOnlyForDeploymentPostprocessing = 0;
		};
		8C6ADDC0253037DF002232A1 /* Resources */ = {
			isa = PBXResourcesBuildPhase;
			buildActionMask = 2147483647;
			files = (
			);
			runOnlyForDeploymentPostprocessing = 0;
		};
		8C6ADDCB253037DF002232A1 /* Resources */ = {
			isa = PBXResourcesBuildPhase;
			buildActionMask = 2147483647;
			files = (
			);
			runOnlyForDeploymentPostprocessing = 0;
		};
/* End PBXResourcesBuildPhase section */

/* Begin PBXSourcesBuildPhase section */
		8C6ADDAD253037DE002232A1 /* Sources */ = {
			isa = PBXSourcesBuildPhase;
			buildActionMask = 2147483647;
			files = (
				8C6ADDB7253037DE002232A1 /* ContentView.swift in Sources */,
				8C6ADDB5253037DE002232A1 /* wiredApp.swift in Sources */,
			);
			runOnlyForDeploymentPostprocessing = 0;
		};
		8C6ADDBE253037DF002232A1 /* Sources */ = {
			isa = PBXSourcesBuildPhase;
			buildActionMask = 2147483647;
			files = (
				8C6ADDC7253037DF002232A1 /* wiredTests.swift in Sources */,
			);
			runOnlyForDeploymentPostprocessing = 0;
		};
		8C6ADDC9253037DF002232A1 /* Sources */ = {
			isa = PBXSourcesBuildPhase;
			buildActionMask = 2147483647;
			files = (
				8C6ADDD2253037DF002232A1 /* wiredUITests.swift in Sources */,
			);
			runOnlyForDeploymentPostprocessing = 0;
		};
/* End PBXSourcesBuildPhase section */

/* Begin PBXTargetDependency section */
		8C6ADDC4253037DF002232A1 /* PBXTargetDependency */ = {
			isa = PBXTargetDependency;
			target = 8C6ADDB0253037DE002232A1 /* wired */;
			targetProxy = 8C6ADDC3253037DF002232A1 /* PBXContainerItemProxy */;
		};
		8C6ADDCF253037DF002232A1 /* PBXTargetDependency */ = {
			isa = PBXTargetDependency;
			target = 8C6ADDB0253037DE002232A1 /* wired */;
			targetProxy = 8C6ADDCE253037DF002232A1 /* PBXContainerItemProxy */;
		};
/* End PBXTargetDependency section */

/* Begin XCBuildConfiguration section */
		8C6ADDD4253037DF002232A1 /* Debug */ = {
			isa = XCBuildConfiguration;
			buildSettings = {
				ALWAYS_SEARCH_USER_PATHS = NO;
				CLANG_ANALYZER_NONNULL = YES;
				CLANG_ANALYZER_NUMBER_OBJECT_CONVERSION = YES_AGGRESSIVE;
				CLANG_CXX_LANGUAGE_STANDARD = "gnu++14";
				CLANG_CXX_LIBRARY = "libc++";
				CLANG_ENABLE_MODULES = YES;
				CLANG_ENABLE_OBJC_ARC = YES;
				CLANG_ENABLE_OBJC_WEAK = YES;
				CLANG_WARN_BLOCK_CAPTURE_AUTORELEASING = YES;
				CLANG_WARN_BOOL_CONVERSION = YES;
				CLANG_WARN_COMMA = YES;
				CLANG_WARN_CONSTANT_CONVERSION = YES;
				CLANG_WARN_DEPRECATED_OBJC_IMPLEMENTATIONS = YES;
				CLANG_WARN_DIRECT_OBJC_ISA_USAGE = YES_ERROR;
				CLANG_WARN_DOCUMENTATION_COMMENTS = YES;
				CLANG_WARN_EMPTY_BODY = YES;
				CLANG_WARN_ENUM_CONVERSION = YES;
				CLANG_WARN_INFINITE_RECURSION = YES;
				CLANG_WARN_INT_CONVERSION = YES;
				CLANG_WARN_NON_LITERAL_NULL_CONVERSION = YES;
				CLANG_WARN_OBJC_IMPLICIT_RETAIN_SELF = YES;
				CLANG_WARN_OBJC_LITERAL_CONVERSION = YES;
				CLANG_WARN_OBJC_ROOT_CLASS = YES_ERROR;
				CLANG_WARN_QUOTED_INCLUDE_IN_FRAMEWORK_HEADER = YES;
				CLANG_WARN_RANGE_LOOP_ANALYSIS = YES;
				CLANG_WARN_STRICT_PROTOTYPES = YES;
				CLANG_WARN_SUSPICIOUS_MOVE = YES;
				CLANG_WARN_UNGUARDED_AVAILABILITY = YES_AGGRESSIVE;
				CLANG_WARN_UNREACHABLE_CODE = YES;
				CLANG_WARN__DUPLICATE_METHOD_MATCH = YES;
				COPY_PHASE_STRIP = NO;
				DEBUG_INFORMATION_FORMAT = dwarf;
				ENABLE_STRICT_OBJC_MSGSEND = YES;
				ENABLE_TESTABILITY = YES;
				GCC_C_LANGUAGE_STANDARD = gnu11;
				GCC_DYNAMIC_NO_PIC = NO;
				GCC_NO_COMMON_BLOCKS = YES;
				GCC_OPTIMIZATION_LEVEL = 0;
				GCC_PREPROCESSOR_DEFINITIONS = (
					"DEBUG=1",
					"$(inherited)",
				);
				GCC_WARN_64_TO_32_BIT_CONVERSION = YES;
				GCC_WARN_ABOUT_RETURN_TYPE = YES_ERROR;
				GCC_WARN_UNDECLARED_SELECTOR = YES;
				GCC_WARN_UNINITIALIZED_AUTOS = YES_AGGRESSIVE;
				GCC_WARN_UNUSED_FUNCTION = YES;
				GCC_WARN_UNUSED_VARIABLE = YES;
				IPHONEOS_DEPLOYMENT_TARGET = 14.0;
				MTL_ENABLE_DEBUG_INFO = INCLUDE_SOURCE;
				MTL_FAST_MATH = YES;
				ONLY_ACTIVE_ARCH = YES;
				SDKROOT = iphoneos;
				SWIFT_ACTIVE_COMPILATION_CONDITIONS = DEBUG;
				SWIFT_OPTIMIZATION_LEVEL = "-Onone";
			};
			name = Debug;
		};
		8C6ADDD5253037DF002232A1 /* Release */ = {
			isa = XCBuildConfiguration;
			buildSettings = {
				ALWAYS_SEARCH_USER_PATHS = NO;
				CLANG_ANALYZER_NONNULL = YES;
				CLANG_ANALYZER_NUMBER_OBJECT_CONVERSION = YES_AGGRESSIVE;
				CLANG_CXX_LANGUAGE_STANDARD = "gnu++14";
				CLANG_CXX_LIBRARY = "libc++";
				CLANG_ENABLE_MODULES = YES;
				CLANG_ENABLE_OBJC_ARC = YES;
				CLANG_ENABLE_OBJC_WEAK = YES;
				CLANG_WARN_BLOCK_CAPTURE_AUTORELEASING = YES;
				CLANG_WARN_BOOL_CONVERSION = YES;
				CLANG_WARN_COMMA = YES;
				CLANG_WARN_CONSTANT_CONVERSION = YES;
				CLANG_WARN_DEPRECATED_OBJC_IMPLEMENTATIONS = YES;
				CLANG_WARN_DIRECT_OBJC_ISA_USAGE = YES_ERROR;
				CLANG_WARN_DOCUMENTATION_COMMENTS = YES;
				CLANG_WARN_EMPTY_BODY = YES;
				CLANG_WARN_ENUM_CONVERSION = YES;
				CLANG_WARN_INFINITE_RECURSION = YES;
				CLANG_WARN_INT_CONVERSION = YES;
				CLANG_WARN_NON_LITERAL_NULL_CONVERSION = YES;
				CLANG_WARN_OBJC_IMPLICIT_RETAIN_SELF = YES;
				CLANG_WARN_OBJC_LITERAL_CONVERSION = YES;
				CLANG_WARN_OBJC_ROOT_CLASS = YES_ERROR;
				CLANG_WARN_QUOTED_INCLUDE_IN_FRAMEWORK_HEADER = YES;
				CLANG_WARN_RANGE_LOOP_ANALYSIS = YES;
				CLANG_WARN_STRICT_PROTOTYPES = YES;
				CLANG_WARN_SUSPICIOUS_MOVE = YES;
				CLANG_WARN_UNGUARDED_AVAILABILITY = YES_AGGRESSIVE;
				CLANG_WARN_UNREACHABLE_CODE = YES;
				CLANG_WARN__DUPLICATE_METHOD_MATCH = YES;
				COPY_PHASE_STRIP = NO;
				DEBUG_INFORMATION_FORMAT = "dwarf-with-dsym";
				ENABLE_NS_ASSERTIONS = NO;
				ENABLE_STRICT_OBJC_MSGSEND = YES;
				GCC_C_LANGUAGE_STANDARD = gnu11;
				GCC_NO_COMMON_BLOCKS = YES;
				GCC_WARN_64_TO_32_BIT_CONVERSION = YES;
				GCC_WARN_ABOUT_RETURN_TYPE = YES_ERROR;
				GCC_WARN_UNDECLARED_SELECTOR = YES;
				GCC_WARN_UNINITIALIZED_AUTOS = YES_AGGRESSIVE;
				GCC_WARN_UNUSED_FUNCTION = YES;
				GCC_WARN_UNUSED_VARIABLE = YES;
				IPHONEOS_DEPLOYMENT_TARGET = 14.0;
				MTL_ENABLE_DEBUG_INFO = NO;
				MTL_FAST_MATH = YES;
				SDKROOT = iphoneos;
				SWIFT_COMPILATION_MODE = wholemodule;
				SWIFT_OPTIMIZATION_LEVEL = "-O";
				VALIDATE_PRODUCT = YES;
			};
			name = Release;
		};
		8C6ADDD7253037DF002232A1 /* Debug */ = {
			isa = XCBuildConfiguration;
			buildSettings = {
				ASSETCATALOG_COMPILER_APPICON_NAME = AppIcon;
				ASSETCATALOG_COMPILER_GLOBAL_ACCENT_COLOR_NAME = AccentColor;
				CODE_SIGN_STYLE = Automatic;
				DEVELOPMENT_ASSET_PATHS = "\"wired/Preview Content\"";
				DEVELOPMENT_TEAM = SM5GN8GTPY;
				ENABLE_PREVIEWS = YES;
				INFOPLIST_FILE = wired/Info.plist;
				IPHONEOS_DEPLOYMENT_TARGET = 14.0;
				LD_RUNPATH_SEARCH_PATHS = (
					"$(inherited)",
					"@executable_path/Frameworks",
				);
				PRODUCT_BUNDLE_IDENTIFIER = turing.xiong.wired;
				PRODUCT_NAME = "$(TARGET_NAME)";
				SWIFT_VERSION = 5.0;
				TARGETED_DEVICE_FAMILY = "1,2";
			};
			name = Debug;
		};
		8C6ADDD8253037DF002232A1 /* Release */ = {
			isa = XCBuildConfiguration;
			buildSettings = {
				ASSETCATALOG_COMPILER_APPICON_NAME = AppIcon;
				ASSETCATALOG_COMPILER_GLOBAL_ACCENT_COLOR_NAME = AccentColor;
				CODE_SIGN_STYLE = Automatic;
				DEVELOPMENT_ASSET_PATHS = "\"wired/Preview Content\"";
				DEVELOPMENT_TEAM = SM5GN8GTPY;
				ENABLE_PREVIEWS = YES;
				INFOPLIST_FILE = wired/Info.plist;
				IPHONEOS_DEPLOYMENT_TARGET = 14.0;
				LD_RUNPATH_SEARCH_PATHS = (
					"$(inherited)",
					"@executable_path/Frameworks",
				);
				PRODUCT_BUNDLE_IDENTIFIER = turing.xiong.wired;
				PRODUCT_NAME = "$(TARGET_NAME)";
				SWIFT_VERSION = 5.0;
				TARGETED_DEVICE_FAMILY = "1,2";
			};
			name = Release;
		};
		8C6ADDDA253037DF002232A1 /* Debug */ = {
			isa = XCBuildConfiguration;
			buildSettings = {
				ALWAYS_EMBED_SWIFT_STANDARD_LIBRARIES = YES;
				BUNDLE_LOADER = "$(TEST_HOST)";
				CODE_SIGN_STYLE = Automatic;
				DEVELOPMENT_TEAM = SM5GN8GTPY;
				INFOPLIST_FILE = wiredTests/Info.plist;
				IPHONEOS_DEPLOYMENT_TARGET = 14.0;
				LD_RUNPATH_SEARCH_PATHS = (
					"$(inherited)",
					"@executable_path/Frameworks",
					"@loader_path/Frameworks",
				);
				PRODUCT_BUNDLE_IDENTIFIER = turing.xiong.wiredTests;
				PRODUCT_NAME = "$(TARGET_NAME)";
				SWIFT_VERSION = 5.0;
				TARGETED_DEVICE_FAMILY = "1,2";
				TEST_HOST = "$(BUILT_PRODUCTS_DIR)/wired.app/wired";
			};
			name = Debug;
		};
		8C6ADDDB253037DF002232A1 /* Release */ = {
			isa = XCBuildConfiguration;
			buildSettings = {
				ALWAYS_EMBED_SWIFT_STANDARD_LIBRARIES = YES;
				BUNDLE_LOADER = "$(TEST_HOST)";
				CODE_SIGN_STYLE = Automatic;
				DEVELOPMENT_TEAM = SM5GN8GTPY;
				INFOPLIST_FILE = wiredTests/Info.plist;
				IPHONEOS_DEPLOYMENT_TARGET = 14.0;
				LD_RUNPATH_SEARCH_PATHS = (
					"$(inherited)",
					"@executable_path/Frameworks",
					"@loader_path/Frameworks",
				);
				PRODUCT_BUNDLE_IDENTIFIER = turing.xiong.wiredTests;
				PRODUCT_NAME = "$(TARGET_NAME)";
				SWIFT_VERSION = 5.0;
				TARGETED_DEVICE_FAMILY = "1,2";
				TEST_HOST = "$(BUILT_PRODUCTS_DIR)/wired.app/wired";
			};
			name = Release;
		};
		8C6ADDDD253037DF002232A1 /* Debug */ = {
			isa = XCBuildConfiguration;
			buildSettings = {
				ALWAYS_EMBED_SWIFT_STANDARD_LIBRARIES = YES;
				CODE_SIGN_STYLE = Automatic;
				DEVELOPMENT_TEAM = SM5GN8GTPY;
				INFOPLIST_FILE = wiredUITests/Info.plist;
				LD_RUNPATH_SEARCH_PATHS = (
					"$(inherited)",
					"@executable_path/Frameworks",
					"@loader_path/Frameworks",
				);
				PRODUCT_BUNDLE_IDENTIFIER = turing.xiong.wiredUITests;
				PRODUCT_NAME = "$(TARGET_NAME)";
				SWIFT_VERSION = 5.0;
				TARGETED_DEVICE_FAMILY = "1,2";
				TEST_TARGET_NAME = wired;
			};
			name = Debug;
		};
		8C6ADDDE253037DF002232A1 /* Release */ = {
			isa = XCBuildConfiguration;
			buildSettings = {
				ALWAYS_EMBED_SWIFT_STANDARD_LIBRARIES = YES;
				CODE_SIGN_STYLE = Automatic;
				DEVELOPMENT_TEAM = SM5GN8GTPY;
				INFOPLIST_FILE = wiredUITests/Info.plist;
				LD_RUNPATH_SEARCH_PATHS = (
					"$(inherited)",
					"@executable_path/Frameworks",
					"@loader_path/Frameworks",
				);
				PRODUCT_BUNDLE_IDENTIFIER = turing.xiong.wiredUITests;
				PRODUCT_NAME = "$(TARGET_NAME)";
				SWIFT_VERSION = 5.0;
				TARGETED_DEVICE_FAMILY = "1,2";
				TEST_TARGET_NAME = wired;
			};
			name = Release;
		};
/* End XCBuildConfiguration section */

/* Begin XCConfigurationList section */
		8C6ADDAC253037DE002232A1 /* Build configuration list for PBXProject "wired" */ = {
			isa = XCConfigurationList;
			buildConfigurations = (
				8C6ADDD4253037DF002232A1 /* Debug */,
				8C6ADDD5253037DF002232A1 /* Release */,
			);
			defaultConfigurationIsVisible = 0;
			defaultConfigurationName = Release;
		};
		8C6ADDD6253037DF002232A1 /* Build configuration list for PBXNativeTarget "wired" */ = {
			isa = XCConfigurationList;
			buildConfigurations = (
				8C6ADDD7253037DF002232A1 /* Debug */,
				8C6ADDD8253037DF002232A1 /* Release */,
			);
			defaultConfigurationIsVisible = 0;
			defaultConfigurationName = Release;
		};
		8C6ADDD9253037DF002232A1 /* Build configuration list for PBXNativeTarget "wiredTests" */ = {
			isa = XCConfigurationList;
			buildConfigurations = (
				8C6ADDDA253037DF002232A1 /* Debug */,
				8C6ADDDB253037DF002232A1 /* Release */,
			);
			defaultConfigurationIsVisible = 0;
			defaultConfigurationName = Release;
		};
		8C6ADDDC253037DF002232A1 /* Build configuration list for PBXNativeTarget "wiredUITests" */ = {
			isa = XCConfigurationList;
			buildConfigurations = (
				8C6ADDDD253037DF002232A1 /* Debug */,
				8C6ADDDE253037DF002232A1 /* Release */,
			);
			defaultConfigurationIsVisible = 0;
			defaultConfigurationName = Release;
		};
/* End XCConfigurationList section */
	};
	rootObject = 8C6ADDA9253037DE002232A1 /* Project object */;
}
